
Microsoft Visual Studio Solution File, Format Version 12.00
# Visual Studio Version 16
VisualStudioVersion = 16.0.30330.147
MinimumVisualStudioVersion = 10.0.40219.1
Project("{FAE04EC0-301F-11D3-BF4B-00C04F79EFBC}") = "Marktplaats ding", "Marktplaats ding\Marktplaats ding.csproj", "{C7E1C8F4-F23C-4388-8818-FF1A0D10893E}"
EndProject
Global
	GlobalSection(SolutionConfigurationPlatforms) = preSolution
		Debug|Any CPU = Debug|Any CPU
		Release|Any CPU = Release|Any CPU
	EndGlobalSection
	GlobalSection(ProjectConfigurationPlatforms) = postSolution
		{C7E1C8F4-F23C-4388-8818-FF1A0D10893E}.Debug|Any CPU.ActiveCfg = Debug|Any CPU
		{C7E1C8F4-F23C-4388-8818-FF1A0D10893E}.Debug|Any CPU.Build.0 = Debug|Any CPU
		{C7E1C8F4-F23C-4388-8818-FF1A0D10893E}.Release|Any CPU.ActiveCfg = Release|Any CPU
		{C7E1C8F4-F23C-4388-8818-FF1A0D10893E}.Release|Any CPU.Build.0 = Release|Any CPU
	EndGlobalSection
	GlobalSection(SolutionProperties) = preSolution
		HideSolutionNode = FALSE
	EndGlobalSection
	GlobalSection(ExtensibilityGlobals) = postSolution
		SolutionGuid = {E2E0FC75-1C8B-4854-AD39-4F7787EFF69A}
	EndGlobalSection
EndGlobal
